
Microsoft Visual Studio Solution File, Format Version 12.00
# Visual Studio Version 16
VisualStudioVersion = 16.0.32413.511
MinimumVisualStudioVersion = 10.0.40219.1
Project("{FAE04EC0-301F-11D3-BF4B-00C04F79EFBC}") = "WEBAPI", "WEBAPI.csproj", "{9CA5252D-129D-44E8-A223-B38463C0E0F4}"
EndProject
Global
	GlobalSection(SolutionConfigurationPlatforms) = preSolution
		Debug|Any CPU = Debug|Any CPU
		Release|Any CPU = Release|Any CPU
	EndGlobalSection
	GlobalSection(ProjectConfigurationPlatforms) = postSolution
		{9CA5252D-129D-44E8-A223-B38463C0E0F4}.Debug|Any CPU.ActiveCfg = Debug|Any CPU
		{9CA5252D-129D-44E8-A223-B38463C0E0F4}.Debug|Any CPU.Build.0 = Debug|Any CPU
		{9CA5252D-129D-44E8-A223-B38463C0E0F4}.Release|Any CPU.ActiveCfg = Release|Any CPU
		{9CA5252D-129D-44E8-A223-B38463C0E0F4}.Release|Any CPU.Build.0 = Release|Any CPU
	EndGlobalSection
	GlobalSection(SolutionProperties) = preSolution
		HideSolutionNode = FALSE
	EndGlobalSection
	GlobalSection(ExtensibilityGlobals) = postSolution
		SolutionGuid = {5D7C857B-FE15-44E5-8DCA-8263E872347A}
	EndGlobalSection
EndGlobal
